// !$*UTF8*$!
{
	archiveVersion = 1;
	classes = {
	};
	objectVersion = 48;
	objects = {

/* Begin PBXBuildFile section */
		F94A9D861FD4B6630087CE8D /* AppDelegate.swift in Sources */ = {isa = PBXBuildFile; fileRef = F94A9D851FD4B6630087CE8D /* AppDelegate.swift */; };
		F94A9D881FD4B6630087CE8D /* ViewController.swift in Sources */ = {isa = PBXBuildFile; fileRef = F94A9D871FD4B6630087CE8D /* ViewController.swift */; };
		F94A9D8B1FD4B6630087CE8D /* Main.storyboard in Resources */ = {isa = PBXBuildFile; fileRef = F94A9D891FD4B6630087CE8D /* Main.storyboard */; };
		F94A9D8D1FD4B6630087CE8D /* Assets.xcassets in Resources */ = {isa = PBXBuildFile; fileRef = F94A9D8C1FD4B6630087CE8D /* Assets.xcassets */; };
		F94A9D901FD4B6630087CE8D /* LaunchScreen.storyboard in Resources */ = {isa = PBXBuildFile; fileRef = F94A9D8E1FD4B6630087CE8D /* LaunchScreen.storyboard */; };
/* End PBXBuildFile section */

/* Begin PBXFileReference section */
		F94A9D821FD4B6630087CE8D /* OnboardingForFoodSkout.app */ = {isa = PBXFileReference; explicitFileType = wrapper.application; includeInIndex = 0; path = OnboardingForFoodSkout.app; sourceTree = BUILT_PRODUCTS_DIR; };
		F94A9D851FD4B6630087CE8D /* AppDelegate.swift */ = {isa = PBXFileReference; lastKnownFileType = sourcecode.swift; path = AppDelegate.swift; sourceTree = "<group>"; };
		F94A9D871FD4B6630087CE8D /* ViewController.swift */ = {isa = PBXFileReference; lastKnownFileType = sourcecode.swift; path = ViewController.swift; sourceTree = "<group>"; };
		F94A9D8A1FD4B6630087CE8D /* Base */ = {isa = PBXFileReference; lastKnownFileType = file.storyboard; name = Base; path = Base.lproj/Main.storyboard; sourceTree = "<group>"; };
		F94A9D8C1FD4B6630087CE8D /* Assets.xcassets */ = {isa = PBXFileReference; lastKnownFileType = folder.assetcatalog; path = Assets.xcassets; sourceTree = "<group>"; };
		F94A9D8F1FD4B6630087CE8D /* Base */ = {isa = PBXFileReference; lastKnownFileType = file.storyboard; name = Base; path = Base.lproj/LaunchScreen.storyboard; sourceTree = "<group>"; };
		F94A9D911FD4B6630087CE8D /* Info.plist */ = {isa = PBXFileReference; lastKnownFileType = text.plist.xml; path = Info.plist; sourceTree = "<group>"; };
/* End PBXFileReference section */

/* Begin PBXFrameworksBuildPhase section */
		F94A9D7F1FD4B6630087CE8D /* Frameworks */ = {
			isa = PBXFrameworksBuildPhase;
			buildActionMask = 2147483647;
			files = (
			);
			runOnlyForDeploymentPostprocessing = 0;
		};
/* End PBXFrameworksBuildPhase section */

/* Begin PBXGroup section */
		F94A9D791FD4B6630087CE8D = {
			isa = PBXGroup;
			children = (
				F94A9D841FD4B6630087CE8D /* OnboardingForFoodSkout */,
				F94A9D831FD4B6630087CE8D /* Products */,
			);
			sourceTree = "<group>";
		};
		F94A9D831FD4B6630087CE8D /* Products */ = {
			isa = PBXGroup;
			children = (
				F94A9D821FD4B6630087CE8D /* OnboardingForFoodSkout.app */,
			);
			name = Products;
			sourceTree = "<group>";
		};
		F94A9D841FD4B6630087CE8D /* OnboardingForFoodSkout */ = {
			isa = PBXGroup;
			children = (
				F94A9D851FD4B6630087CE8D /* AppDelegate.swift */,
				F94A9D871FD4B6630087CE8D /* ViewController.swift */,
				F94A9D891FD4B6630087CE8D /* Main.storyboard */,
				F94A9D8C1FD4B6630087CE8D /* Assets.xcassets */,
				F94A9D8E1FD4B6630087CE8D /* LaunchScreen.storyboard */,
				F94A9D911FD4B6630087CE8D /* Info.plist */,
			);
			path = OnboardingForFoodSkout;
			sourceTree = "<group>";
		};
/* End PBXGroup section */

/* Begin PBXNativeTarget section */
		F94A9D811FD4B6630087CE8D /* OnboardingForFoodSkout */ = {
			isa = PBXNativeTarget;
			buildConfigurationList = F94A9D941FD4B6630087CE8D /* Build configuration list for PBXNativeTarget "OnboardingForFoodSkout" */;
			buildPhases = (
				F94A9D7E1FD4B6630087CE8D /* Sources */,
				F94A9D7F1FD4B6630087CE8D /* Frameworks */,
				F94A9D801FD4B6630087CE8D /* Resources */,
			);
			buildRules = (
			);
			dependencies = (
			);
			name = OnboardingForFoodSkout;
			productName = OnboardingForFoodSkout;
			productReference = F94A9D821FD4B6630087CE8D /* OnboardingForFoodSkout.app */;
			productType = "com.apple.product-type.application";
		};
/* End PBXNativeTarget section */

/* Begin PBXProject section */
		F94A9D7A1FD4B6630087CE8D /* Project object */ = {
			isa = PBXProject;
			attributes = {
				LastSwiftUpdateCheck = 0900;
				LastUpgradeCheck = 0900;
				ORGANIZATIONNAME = "Sky Xu";
				TargetAttributes = {
					F94A9D811FD4B6630087CE8D = {
						CreatedOnToolsVersion = 9.0;
						ProvisioningStyle = Automatic;
					};
				};
			};
			buildConfigurationList = F94A9D7D1FD4B6630087CE8D /* Build configuration list for PBXProject "OnboardingForFoodSkout" */;
			compatibilityVersion = "Xcode 8.0";
			developmentRegion = en;
			hasScannedForEncodings = 0;
			knownRegions = (
				en,
				Base,
			);
			mainGroup = F94A9D791FD4B6630087CE8D;
			productRefGroup = F94A9D831FD4B6630087CE8D /* Products */;
			projectDirPath = "";
			projectRoot = "";
			targets = (
				F94A9D811FD4B6630087CE8D /* OnboardingForFoodSkout */,
			);
		};
/* End PBXProject section */

/* Begin PBXResourcesBuildPhase section */
		F94A9D801FD4B6630087CE8D /* Resources */ = {
			isa = PBXResourcesBuildPhase;
			buildActionMask = 2147483647;
			files = (
				F94A9D901FD4B6630087CE8D /* LaunchScreen.storyboard in Resources */,
				F94A9D8D1FD4B6630087CE8D /* Assets.xcassets in Resources */,
				F94A9D8B1FD4B6630087CE8D /* Main.storyboard in Resources */,
			);
			runOnlyForDeploymentPostprocessing = 0;
		};
/* End PBXResourcesBuildPhase section */

/* Begin PBXSourcesBuildPhase section */
		F94A9D7E1FD4B6630087CE8D /* Sources */ = {
			isa = PBXSourcesBuildPhase;
			buildActionMask = 2147483647;
			files = (
				F94A9D881FD4B6630087CE8D /* ViewController.swift in Sources */,
				F94A9D861FD4B6630087CE8D /* AppDelegate.swift in Sources */,
			);
			runOnlyForDeploymentPostprocessing = 0;
		};
/* End PBXSourcesBuildPhase section */

/* Begin PBXVariantGroup section */
		F94A9D891FD4B6630087CE8D /* Main.storyboard */ = {
			isa = PBXVariantGroup;
			children = (
				F94A9D8A1FD4B6630087CE8D /* Base */,
			);
			name = Main.storyboard;
			sourceTree = "<group>";
		};
		F94A9D8E1FD4B6630087CE8D /* LaunchScreen.storyboard */ = {
			isa = PBXVariantGroup;
			children = (
				F94A9D8F1FD4B6630087CE8D /* Base */,
			);
			name = LaunchScreen.storyboard;
			sourceTree = "<group>";
		};
/* End PBXVariantGroup section */

/* Begin XCBuildConfiguration section */
		F94A9D921FD4B6630087CE8D /* Debug */ = {
			isa = XCBuildConfiguration;
			buildSettings = {
				ALWAYS_SEARCH_USER_PATHS = NO;
				CLANG_ANALYZER_NONNULL = YES;
				CLANG_ANALYZER_NUMBER_OBJECT_CONVERSION = YES_AGGRESSIVE;
				CLANG_CXX_LANGUAGE_STANDARD = "gnu++14";
				CLANG_CXX_LIBRARY = "libc++";
				CLANG_ENABLE_MODULES = YES;
				CLANG_ENABLE_OBJC_ARC = YES;
				CLANG_WARN_BLOCK_CAPTURE_AUTORELEASING = YES;
				CLANG_WARN_BOOL_CONVERSION = YES;
				CLANG_WARN_COMMA = YES;
				CLANG_WARN_CONSTANT_CONVERSION = YES;
				CLANG_WARN_DIRECT_OBJC_ISA_USAGE = YES_ERROR;
				CLANG_WARN_DOCUMENTATION_COMMENTS = YES;
				CLANG_WARN_EMPTY_BODY = YES;
				CLANG_WARN_ENUM_CONVERSION = YES;
				CLANG_WARN_INFINITE_RECURSION = YES;
				CLANG_WARN_INT_CONVERSION = YES;
				CLANG_WARN_NON_LITERAL_NULL_CONVERSION = YES;
				CLANG_WARN_OBJC_LITERAL_CONVERSION = YES;
				CLANG_WARN_OBJC_ROOT_CLASS = YES_ERROR;
				CLANG_WARN_RANGE_LOOP_ANALYSIS = YES;
				CLANG_WARN_STRICT_PROTOTYPES = YES;
				CLANG_WARN_SUSPICIOUS_MOVE = YES;
				CLANG_WARN_UNGUARDED_AVAILABILITY = YES_AGGRESSIVE;
				CLANG_WARN_UNREACHABLE_CODE = YES;
				CLANG_WARN__DUPLICATE_METHOD_MATCH = YES;
				CODE_SIGN_IDENTITY = "iPhone Developer";
				COPY_PHASE_STRIP = NO;
				DEBUG_INFORMATION_FORMAT = dwarf;
				ENABLE_STRICT_OBJC_MSGSEND = YES;
				ENABLE_TESTABILITY = YES;
				GCC_C_LANGUAGE_STANDARD = gnu11;
				GCC_DYNAMIC_NO_PIC = NO;
				GCC_NO_COMMON_BLOCKS = YES;
				GCC_OPTIMIZATION_LEVEL = 0;
				GCC_PREPROCESSOR_DEFINITIONS = (
					"DEBUG=1",
					"$(inherited)",
				);
				GCC_WARN_64_TO_32_BIT_CONVERSION = YES;
				GCC_WARN_ABOUT_RETURN_TYPE = YES_ERROR;
				GCC_WARN_UNDECLARED_SELECTOR = YES;
				GCC_WARN_UNINITIALIZED_AUTOS = YES_AGGRESSIVE;
				GCC_WARN_UNUSED_FUNCTION = YES;
				GCC_WARN_UNUSED_VARIABLE = YES;
				IPHONEOS_DEPLOYMENT_TARGET = 11.0;
				MTL_ENABLE_DEBUG_INFO = YES;
				ONLY_ACTIVE_ARCH = YES;
				SDKROOT = iphoneos;
				SWIFT_ACTIVE_COMPILATION_CONDITIONS = DEBUG;
				SWIFT_OPTIMIZATION_LEVEL = "-Onone";
			};
			name = Debug;
		};
		F94A9D931FD4B6630087CE8D /* Release */ = {
			isa = XCBuildConfiguration;
			buildSettings = {
				ALWAYS_SEARCH_USER_PATHS = NO;
				CLANG_ANALYZER_NONNULL = YES;
				CLANG_ANALYZER_NUMBER_OBJECT_CONVERSION = YES_AGGRESSIVE;
				CLANG_CXX_LANGUAGE_STANDARD = "gnu++14";
				CLANG_CXX_LIBRARY = "libc++";
				CLANG_ENABLE_MODULES = YES;
				CLANG_ENABLE_OBJC_ARC = YES;
				CLANG_WARN_BLOCK_CAPTURE_AUTORELEASING = YES;
				CLANG_WARN_BOOL_CONVERSION = YES;
				CLANG_WARN_COMMA = YES;
				CLANG_WARN_CONSTANT_CONVERSION = YES;
				CLANG_WARN_DIRECT_OBJC_ISA_USAGE = YES_ERROR;
				CLANG_WARN_DOCUMENTATION_COMMENTS = YES;
				CLANG_WARN_EMPTY_BODY = YES;
				CLANG_WARN_ENUM_CONVERSION = YES;
				CLANG_WARN_INFINITE_RECURSION = YES;
				CLANG_WARN_INT_CONVERSION = YES;
				CLANG_WARN_NON_LITERAL_NULL_CONVERSION = YES;
				CLANG_WARN_OBJC_LITERAL_CONVERSION = YES;
				CLANG_WARN_OBJC_ROOT_CLASS = YES_ERROR;
				CLANG_WARN_RANGE_LOOP_ANALYSIS = YES;
				CLANG_WARN_STRICT_PROTOTYPES = YES;
				CLANG_WARN_SUSPICIOUS_MOVE = YES;
				CLANG_WARN_UNGUARDED_AVAILABILITY = YES_AGGRESSIVE;
				CLANG_WARN_UNREACHABLE_CODE = YES;
				CLANG_WARN__DUPLICATE_METHOD_MATCH = YES;
				CODE_SIGN_IDENTITY = "iPhone Developer";
				COPY_PHASE_STRIP = NO;
				DEBUG_INFORMATION_FORMAT = "dwarf-with-dsym";
				ENABLE_NS_ASSERTIONS = NO;
				ENABLE_STRICT_OBJC_MSGSEND = YES;
				GCC_C_LANGUAGE_STANDARD = gnu11;
				GCC_NO_COMMON_BLOCKS = YES;
				GCC_WARN_64_TO_32_BIT_CONVERSION = YES;
				GCC_WARN_ABOUT_RETURN_TYPE = YES_ERROR;
				GCC_WARN_UNDECLARED_SELECTOR = YES;
				GCC_WARN_UNINITIALIZED_AUTOS = YES_AGGRESSIVE;
				GCC_WARN_UNUSED_FUNCTION = YES;
				GCC_WARN_UNUSED_VARIABLE = YES;
				IPHONEOS_DEPLOYMENT_TARGET = 11.0;
				MTL_ENABLE_DEBUG_INFO = NO;
				SDKROOT = iphoneos;
				SWIFT_OPTIMIZATION_LEVEL = "-Owholemodule";
				VALIDATE_PRODUCT = YES;
			};
			name = Release;
		};
		F94A9D951FD4B6630087CE8D /* Debug */ = {
			isa = XCBuildConfiguration;
			buildSettings = {
				ASSETCATALOG_COMPILER_APPICON_NAME = AppIcon;
				CODE_SIGN_STYLE = Automatic;
				DEVELOPMENT_TEAM = 2CL75PM5U8;
				INFOPLIST_FILE = OnboardingForFoodSkout/Info.plist;
				LD_RUNPATH_SEARCH_PATHS = "$(inherited) @executable_path/Frameworks";
				PRODUCT_BUNDLE_IDENTIFIER = com.sky.OnboardingForFoodSkout;
				PRODUCT_NAME = "$(TARGET_NAME)";
				SWIFT_VERSION = 4.0;
				TARGETED_DEVICE_FAMILY = "1,2";
			};
			name = Debug;
		};
		F94A9D961FD4B6630087CE8D /* Release */ = {
			isa = XCBuildConfiguration;
			buildSettings = {
				ASSETCATALOG_COMPILER_APPICON_NAME = AppIcon;
				CODE_SIGN_STYLE = Automatic;
				DEVELOPMENT_TEAM = 2CL75PM5U8;
				INFOPLIST_FILE = OnboardingForFoodSkout/Info.plist;
				LD_RUNPATH_SEARCH_PATHS = "$(inherited) @executable_path/Frameworks";
				PRODUCT_BUNDLE_IDENTIFIER = com.sky.OnboardingForFoodSkout;
				PRODUCT_NAME = "$(TARGET_NAME)";
				SWIFT_VERSION = 4.0;
				TARGETED_DEVICE_FAMILY = "1,2";
			};
			name = Release;
		};
/* End XCBuildConfiguration section */

/* Begin XCConfigurationList section */
		F94A9D7D1FD4B6630087CE8D /* Build configuration list for PBXProject "OnboardingForFoodSkout" */ = {
			isa = XCConfigurationList;
			buildConfigurations = (
				F94A9D921FD4B6630087CE8D /* Debug */,
				F94A9D931FD4B6630087CE8D /* Release */,
			);
			defaultConfigurationIsVisible = 0;
			defaultConfigurationName = Release;
		};
		F94A9D941FD4B6630087CE8D /* Build configuration list for PBXNativeTarget "OnboardingForFoodSkout" */ = {
			isa = XCConfigurationList;
			buildConfigurations = (
				F94A9D951FD4B6630087CE8D /* Debug */,
				F94A9D961FD4B6630087CE8D /* Release */,
			);
			defaultConfigurationIsVisible = 0;
			defaultConfigurationName = Release;
		};
/* End XCConfigurationList section */
	};
	rootObject = F94A9D7A1FD4B6630087CE8D /* Project object */;
}
